
Microsoft Visual Studio Solution File, Format Version 12.00
# Visual Studio Version 16
VisualStudioVersion = 16.0.30804.86
MinimumVisualStudioVersion = 10.0.40219.1
Project("{9A19103F-16F7-4668-BE54-9A1E7A4F7556}") = "kampintro", "kampintro\kampintro.csproj", "{804ECB0A-750D-443E-8CF8-0ECD22EBBBAF}"
EndProject
Project("{9A19103F-16F7-4668-BE54-9A1E7A4F7556}") = "Donguler", "Donguler\Donguler.csproj", "{384DAE88-BF34-45D0-B645-1EA6DBFF3D5D}"
EndProject
Project("{9A19103F-16F7-4668-BE54-9A1E7A4F7556}") = "Metotlar", "Metotlar\Metotlar.csproj", "{286D9A2D-8FC6-44B0-BCDA-694BA63DBEF4}"
EndProject
Project("{9A19103F-16F7-4668-BE54-9A1E7A4F7556}") = "Matematik", "Matematik\Matematik.csproj", "{9ED0A5AD-CB5A-4348-B9FB-08DD1CE86B87}"
EndProject
Project("{9A19103F-16F7-4668-BE54-9A1E7A4F7556}") = "DegerVeReferansTipler", "DegerVeReferansTipler\DegerVeReferansTipler.csproj", "{AC9A55F9-902A-41ED-81C0-8B2277A88175}"
EndProject
Project("{9A19103F-16F7-4668-BE54-9A1E7A4F7556}") = "urunler", "urunler\urunler.csproj", "{356C50E4-B554-4060-8CD9-F482EB7E13D0}"
EndProject
Project("{9A19103F-16F7-4668-BE54-9A1E7A4F7556}") = "refAndOut", "refAndOut\refAndOut.csproj", "{9929FEBE-6E0E-4D65-BE2D-C422D286E11D}"
EndProject
Project("{9A19103F-16F7-4668-BE54-9A1E7A4F7556}") = "OOP1", "OOP1\OOP1.csproj", "{D4300FFF-4A69-4207-BF04-ABD32E66E598}"
EndProject
Project("{9A19103F-16F7-4668-BE54-9A1E7A4F7556}") = "Koleksiyonlar", "Koleksiyonlar\Koleksiyonlar.csproj", "{5A5D3BE7-7C74-42F4-924C-F4DA89BEC90A}"
EndProject
Project("{9A19103F-16F7-4668-BE54-9A1E7A4F7556}") = "ClassMethodDemo", "ClassMethodDemo\ClassMethodDemo.csproj", "{C84187C0-0988-4BC9-ACEC-563ED6BED278}"
EndProject
Project("{9A19103F-16F7-4668-BE54-9A1E7A4F7556}") = "GenericsIntro", "GenericsIntro\GenericsIntro.csproj", "{835471CD-8A72-454A-9070-8F73B177FBEE}"
EndProject
Project("{FAE04EC0-301F-11D3-BF4B-00C04F79EFBC}") = "OOP2", "OOP2\OOP2.csproj", "{4ADD01B2-2E7F-4597-A320-BA7B8DD58CCC}"
EndProject
Project("{FAE04EC0-301F-11D3-BF4B-00C04F79EFBC}") = "OOP3", "OOP3\OOP3.csproj", "{B854B922-3407-4FA6-B999-EF0B882745EA}"
EndProject
Global
	GlobalSection(SolutionConfigurationPlatforms) = preSolution
		Debug|Any CPU = Debug|Any CPU
		Release|Any CPU = Release|Any CPU
	EndGlobalSection
	GlobalSection(ProjectConfigurationPlatforms) = postSolution
		{804ECB0A-750D-443E-8CF8-0ECD22EBBBAF}.Debug|Any CPU.ActiveCfg = Debug|Any CPU
		{804ECB0A-750D-443E-8CF8-0ECD22EBBBAF}.Debug|Any CPU.Build.0 = Debug|Any CPU
		{804ECB0A-750D-443E-8CF8-0ECD22EBBBAF}.Release|Any CPU.ActiveCfg = Release|Any CPU
		{804ECB0A-750D-443E-8CF8-0ECD22EBBBAF}.Release|Any CPU.Build.0 = Release|Any CPU
		{384DAE88-BF34-45D0-B645-1EA6DBFF3D5D}.Debug|Any CPU.ActiveCfg = Debug|Any CPU
		{384DAE88-BF34-45D0-B645-1EA6DBFF3D5D}.Debug|Any CPU.Build.0 = Debug|Any CPU
		{384DAE88-BF34-45D0-B645-1EA6DBFF3D5D}.Release|Any CPU.ActiveCfg = Release|Any CPU
		{384DAE88-BF34-45D0-B645-1EA6DBFF3D5D}.Release|Any CPU.Build.0 = Release|Any CPU
		{286D9A2D-8FC6-44B0-BCDA-694BA63DBEF4}.Debug|Any CPU.ActiveCfg = Debug|Any CPU
		{286D9A2D-8FC6-44B0-BCDA-694BA63DBEF4}.Debug|Any CPU.Build.0 = Debug|Any CPU
		{286D9A2D-8FC6-44B0-BCDA-694BA63DBEF4}.Release|Any CPU.ActiveCfg = Release|Any CPU
		{286D9A2D-8FC6-44B0-BCDA-694BA63DBEF4}.Release|Any CPU.Build.0 = Release|Any CPU
		{9ED0A5AD-CB5A-4348-B9FB-08DD1CE86B87}.Debug|Any CPU.ActiveCfg = Debug|Any CPU
		{9ED0A5AD-CB5A-4348-B9FB-08DD1CE86B87}.Debug|Any CPU.Build.0 = Debug|Any CPU
		{9ED0A5AD-CB5A-4348-B9FB-08DD1CE86B87}.Release|Any CPU.ActiveCfg = Release|Any CPU
		{9ED0A5AD-CB5A-4348-B9FB-08DD1CE86B87}.Release|Any CPU.Build.0 = Release|Any CPU
		{AC9A55F9-902A-41ED-81C0-8B2277A88175}.Debug|Any CPU.ActiveCfg = Debug|Any CPU
		{AC9A55F9-902A-41ED-81C0-8B2277A88175}.Debug|Any CPU.Build.0 = Debug|Any CPU
		{AC9A55F9-902A-41ED-81C0-8B2277A88175}.Release|Any CPU.ActiveCfg = Release|Any CPU
		{AC9A55F9-902A-41ED-81C0-8B2277A88175}.Release|Any CPU.Build.0 = Release|Any CPU
		{356C50E4-B554-4060-8CD9-F482EB7E13D0}.Debug|Any CPU.ActiveCfg = Debug|Any CPU
		{356C50E4-B554-4060-8CD9-F482EB7E13D0}.Debug|Any CPU.Build.0 = Debug|Any CPU
		{356C50E4-B554-4060-8CD9-F482EB7E13D0}.Release|Any CPU.ActiveCfg = Release|Any CPU
		{356C50E4-B554-4060-8CD9-F482EB7E13D0}.Release|Any CPU.Build.0 = Release|Any CPU
		{9929FEBE-6E0E-4D65-BE2D-C422D286E11D}.Debug|Any CPU.ActiveCfg = Debug|Any CPU
		{9929FEBE-6E0E-4D65-BE2D-C422D286E11D}.Debug|Any CPU.Build.0 = Debug|Any CPU
		{9929FEBE-6E0E-4D65-BE2D-C422D286E11D}.Release|Any CPU.ActiveCfg = Release|Any CPU
		{9929FEBE-6E0E-4D65-BE2D-C422D286E11D}.Release|Any CPU.Build.0 = Release|Any CPU
		{D4300FFF-4A69-4207-BF04-ABD32E66E598}.Debug|Any CPU.ActiveCfg = Debug|Any CPU
		{D4300FFF-4A69-4207-BF04-ABD32E66E598}.Debug|Any CPU.Build.0 = Debug|Any CPU
		{D4300FFF-4A69-4207-BF04-ABD32E66E598}.Release|Any CPU.ActiveCfg = Release|Any CPU
		{D4300FFF-4A69-4207-BF04-ABD32E66E598}.Release|Any CPU.Build.0 = Release|Any CPU
		{5A5D3BE7-7C74-42F4-924C-F4DA89BEC90A}.Debug|Any CPU.ActiveCfg = Debug|Any CPU
		{5A5D3BE7-7C74-42F4-924C-F4DA89BEC90A}.Debug|Any CPU.Build.0 = Debug|Any CPU
		{5A5D3BE7-7C74-42F4-924C-F4DA89BEC90A}.Release|Any CPU.ActiveCfg = Release|Any CPU
		{5A5D3BE7-7C74-42F4-924C-F4DA89BEC90A}.Release|Any CPU.Build.0 = Release|Any CPU
		{C84187C0-0988-4BC9-ACEC-563ED6BED278}.Debug|Any CPU.ActiveCfg = Debug|Any CPU
		{C84187C0-0988-4BC9-ACEC-563ED6BED278}.Debug|Any CPU.Build.0 = Debug|Any CPU
		{C84187C0-0988-4BC9-ACEC-563ED6BED278}.Release|Any CPU.ActiveCfg = Release|Any CPU
		{C84187C0-0988-4BC9-ACEC-563ED6BED278}.Release|Any CPU.Build.0 = Release|Any CPU
		{835471CD-8A72-454A-9070-8F73B177FBEE}.Debug|Any CPU.ActiveCfg = Debug|Any CPU
		{835471CD-8A72-454A-9070-8F73B177FBEE}.Debug|Any CPU.Build.0 = Debug|Any CPU
		{835471CD-8A72-454A-9070-8F73B177FBEE}.Release|Any CPU.ActiveCfg = Release|Any CPU
		{835471CD-8A72-454A-9070-8F73B177FBEE}.Release|Any CPU.Build.0 = Release|Any CPU
		{4ADD01B2-2E7F-4597-A320-BA7B8DD58CCC}.Debug|Any CPU.ActiveCfg = Debug|Any CPU
		{4ADD01B2-2E7F-4597-A320-BA7B8DD58CCC}.Debug|Any CPU.Build.0 = Debug|Any CPU
		{4ADD01B2-2E7F-4597-A320-BA7B8DD58CCC}.Release|Any CPU.ActiveCfg = Release|Any CPU
		{4ADD01B2-2E7F-4597-A320-BA7B8DD58CCC}.Release|Any CPU.Build.0 = Release|Any CPU
		{B854B922-3407-4FA6-B999-EF0B882745EA}.Debug|Any CPU.ActiveCfg = Debug|Any CPU
		{B854B922-3407-4FA6-B999-EF0B882745EA}.Debug|Any CPU.Build.0 = Debug|Any CPU
		{B854B922-3407-4FA6-B999-EF0B882745EA}.Release|Any CPU.ActiveCfg = Release|Any CPU
		{B854B922-3407-4FA6-B999-EF0B882745EA}.Release|Any CPU.Build.0 = Release|Any CPU
	EndGlobalSection
	GlobalSection(SolutionProperties) = preSolution
		HideSolutionNode = FALSE
	EndGlobalSection
	GlobalSection(ExtensibilityGlobals) = postSolution
		SolutionGuid = {68FD1C5E-A551-4167-AE36-1402B9E61A3E}
	EndGlobalSection
EndGlobal
